
Microsoft Visual Studio Solution File, Format Version 12.00
# Visual Studio Version 17
VisualStudioVersion = 17.5.33424.131
MinimumVisualStudioVersion = 10.0.40219.1
Project("{FAE04EC0-301F-11D3-BF4B-00C04F79EFBC}") = "clientejwt", "clientejwt.csproj", "{93636D01-59A1-41C5-88BD-90CF2813321E}"
EndProject
Global
	GlobalSection(SolutionConfigurationPlatforms) = preSolution
		Debug|Any CPU = Debug|Any CPU
		Release|Any CPU = Release|Any CPU
	EndGlobalSection
	GlobalSection(ProjectConfigurationPlatforms) = postSolution
		{93636D01-59A1-41C5-88BD-90CF2813321E}.Debug|Any CPU.ActiveCfg = Debug|Any CPU
		{93636D01-59A1-41C5-88BD-90CF2813321E}.Debug|Any CPU.Build.0 = Debug|Any CPU
		{93636D01-59A1-41C5-88BD-90CF2813321E}.Release|Any CPU.ActiveCfg = Release|Any CPU
		{93636D01-59A1-41C5-88BD-90CF2813321E}.Release|Any CPU.Build.0 = Release|Any CPU
	EndGlobalSection
	GlobalSection(SolutionProperties) = preSolution
		HideSolutionNode = FALSE
	EndGlobalSection
	GlobalSection(ExtensibilityGlobals) = postSolution
		SolutionGuid = {16D8E1C3-964E-4751-B2C0-EA358C2F69EC}
	EndGlobalSection
EndGlobal
